{
	"name": "remote-mcp-server-authless",
	"version": "0.0.0",
	"lockfileVersion": 3,
	"requires": true,
	"packages": {
		"": {
			"name": "remote-mcp-server-authless",
			"version": "0.0.0",
			"dependencies": {
				"@modelcontextprotocol/sdk": "^1.11.1",
				"agents": "^0.0.80",
				"zod": "^3.24.4"
			},
			"devDependencies": {
				"@types/node": "^22.15.18",
				"typescript": "^5.8.3",
				"wrangler": "^4.14.4"
			}
		},
		"node_modules/@ai-sdk/provider": {
			"version": "1.1.3",
			"license": "Apache-2.0",
			"dependencies": {
				"json-schema": "^0.4.0"
			},
			"engines": {
				"node": ">=18"
			}
		},
		"node_modules/@ai-sdk/provider-utils": {
			"version": "2.2.8",
			"license": "Apache-2.0",
			"dependencies": {
				"@ai-sdk/provider": "1.1.3",
				"nanoid": "^3.3.8",
				"secure-json-parse": "^2.7.0"
			},
			"engines": {
				"node": ">=18"
			},
			"peerDependencies": {
				"zod": "^3.23.8"
			}
		},
		"node_modules/@ai-sdk/provider-utils/node_modules/nanoid": {
			"version": "3.3.11",
			"funding": [
				{
					"type": "github",
					"url": "https://github.com/sponsors/ai"
				}
			],
			"license": "MIT",
			"bin": {
				"nanoid": "bin/nanoid.cjs"
			},
			"engines": {
				"node": "^10 || ^12 || ^13.7 || ^14 || >=15.0.1"
			}
		},
		"node_modules/@ai-sdk/react": {
			"version": "1.2.12",
			"license": "Apache-2.0",
			"dependencies": {
				"@ai-sdk/provider-utils": "2.2.8",
				"@ai-sdk/ui-utils": "1.2.11",
				"swr": "^2.2.5",
				"throttleit": "2.1.0"
			},
			"engines": {
				"node": ">=18"
			},
			"peerDependencies": {
				"react": "^18 || ^19 || ^19.0.0-rc",
				"zod": "^3.23.8"
			},
			"peerDependenciesMeta": {
				"zod": {
					"optional": true
				}
			}
		},
		"node_modules/@ai-sdk/ui-utils": {
			"version": "1.2.11",
			"license": "Apache-2.0",
			"dependencies": {
				"@ai-sdk/provider": "1.1.3",
				"@ai-sdk/provider-utils": "2.2.8",
				"zod-to-json-schema": "^3.24.1"
			},
			"engines": {
				"node": ">=18"
			},
			"peerDependencies": {
				"zod": "^3.23.8"
			}
		},
		"node_modules/@cloudflare/kv-asset-handler": {
			"version": "0.4.0",
			"dev": true,
			"license": "MIT OR Apache-2.0",
			"dependencies": {
				"mime": "^3.0.0"
			},
			"engines": {
				"node": ">=18.0.0"
			}
		},
		"node_modules/@cloudflare/unenv-preset": {
			"version": "2.3.1",
			"dev": true,
			"license": "MIT OR Apache-2.0",
			"peerDependencies": {
				"unenv": "2.0.0-rc.15",
				"workerd": "^1.20250320.0"
			},
			"peerDependenciesMeta": {
				"workerd": {
					"optional": true
				}
			}
		},
		"node_modules/@cloudflare/workerd-darwin-arm64": {
			"version": "1.20250507.0",
			"cpu": [
				"arm64"
			],
			"dev": true,
			"license": "Apache-2.0",
			"optional": true,
			"os": [
				"darwin"
			],
			"engines": {
				"node": ">=16"
			}
		},
		"node_modules/@cloudflare/workers-types": {
			"version": "4.20250522.0",
			"resolved": "https://registry.npmjs.org/@cloudflare/workers-types/-/workers-types-4.20250522.0.tgz",
			"integrity": "sha512-9RIffHobc35JWeddzBguGgPa4wLDr5x5F94+0/qy7LiV6pTBQ/M5qGEN9VA16IDT3EUpYI0WKh6VpcmeVEtVtw==",
			"license": "MIT OR Apache-2.0",
			"peer": true
		},
		"node_modules/@cspotcode/source-map-support": {
			"version": "0.8.1",
			"dev": true,
			"license": "MIT",
			"dependencies": {
				"@jridgewell/trace-mapping": "0.3.9"
			},
			"engines": {
				"node": ">=12"
			}
		},
		"node_modules/@esbuild/darwin-arm64": {
			"version": "0.25.4",
			"cpu": [
				"arm64"
			],
			"dev": true,
			"license": "MIT",
			"optional": true,
			"os": [
				"darwin"
			],
			"engines": {
				"node": ">=18"
			}
		},
		"node_modules/@fastify/busboy": {
			"version": "2.1.1",
			"dev": true,
			"license": "MIT",
			"engines": {
				"node": ">=14"
			}
		},
		"node_modules/@img/sharp-darwin-arm64": {
			"version": "0.33.5",
			"cpu": [
				"arm64"
			],
			"dev": true,
			"license": "Apache-2.0",
			"optional": true,
			"os": [
				"darwin"
			],
			"engines": {
				"node": "^18.17.0 || ^20.3.0 || >=21.0.0"
			},
			"funding": {
				"url": "https://opencollective.com/libvips"
			},
			"optionalDependencies": {
				"@img/sharp-libvips-darwin-arm64": "1.0.4"
			}
		},
		"node_modules/@img/sharp-libvips-darwin-arm64": {
			"version": "1.0.4",
			"cpu": [
				"arm64"
			],
			"dev": true,
			"license": "LGPL-3.0-or-later",
			"optional": true,
			"os": [
				"darwin"
			],
			"funding": {
				"url": "https://opencollective.com/libvips"
			}
		},
		"node_modules/@jridgewell/resolve-uri": {
			"version": "3.1.2",
			"dev": true,
			"license": "MIT",
			"engines": {
				"node": ">=6.0.0"
			}
		},
		"node_modules/@jridgewell/sourcemap-codec": {
			"version": "1.5.0",
			"dev": true,
			"license": "MIT"
		},
		"node_modules/@jridgewell/trace-mapping": {
			"version": "0.3.9",
			"dev": true,
			"license": "MIT",
			"dependencies": {
				"@jridgewell/resolve-uri": "^3.0.3",
				"@jridgewell/sourcemap-codec": "^1.4.10"
			}
		},
		"node_modules/@modelcontextprotocol/sdk": {
			"version": "1.11.1",
			"license": "MIT",
			"dependencies": {
				"content-type": "^1.0.5",
				"cors": "^2.8.5",
				"cross-spawn": "^7.0.3",
				"eventsource": "^3.0.2",
				"express": "^5.0.1",
				"express-rate-limit": "^7.5.0",
				"pkce-challenge": "^5.0.0",
				"raw-body": "^3.0.0",
				"zod": "^3.23.8",
				"zod-to-json-schema": "^3.24.1"
			},
			"engines": {
				"node": ">=18"
			}
		},
		"node_modules/@opentelemetry/api": {
			"version": "1.9.0",
			"license": "Apache-2.0",
			"engines": {
				"node": ">=8.0.0"
			}
		},
		"node_modules/@types/diff-match-patch": {
			"version": "1.0.36",
			"license": "MIT"
		},
		"node_modules/@types/node": {
			"version": "22.15.18",
			"dev": true,
			"license": "MIT",
			"dependencies": {
				"undici-types": "~6.21.0"
			}
		},
		"node_modules/accepts": {
			"version": "2.0.0",
			"license": "MIT",
			"dependencies": {
				"mime-types": "^3.0.0",
				"negotiator": "^1.0.0"
			},
			"engines": {
				"node": ">= 0.6"
			}
		},
		"node_modules/acorn": {
			"version": "8.14.0",
			"dev": true,
			"license": "MIT",
			"bin": {
				"acorn": "bin/acorn"
			},
			"engines": {
				"node": ">=0.4.0"
			}
		},
		"node_modules/acorn-walk": {
			"version": "8.3.2",
			"dev": true,
			"license": "MIT",
			"engines": {
				"node": ">=0.4.0"
			}
		},
		"node_modules/agents": {
			"version": "0.0.80",
			"license": "MIT",
			"dependencies": {
				"@modelcontextprotocol/sdk": "^1.11.0",
				"ai": "^4.3.14",
				"cron-schedule": "^5.0.4",
				"nanoid": "^5.1.5",
				"partyserver": "^0.0.70",
				"partysocket": "1.1.3",
				"zod": "^3.24.4"
			},
			"peerDependencies": {
				"react": "*"
			}
		},
		"node_modules/ai": {
			"version": "4.3.15",
			"license": "Apache-2.0",
			"dependencies": {
				"@ai-sdk/provider": "1.1.3",
				"@ai-sdk/provider-utils": "2.2.8",
				"@ai-sdk/react": "1.2.12",
				"@ai-sdk/ui-utils": "1.2.11",
				"@opentelemetry/api": "1.9.0",
				"jsondiffpatch": "0.6.0"
			},
			"engines": {
				"node": ">=18"
			},
			"peerDependencies": {
				"react": "^18 || ^19 || ^19.0.0-rc",
				"zod": "^3.23.8"
			},
			"peerDependenciesMeta": {
				"react": {
					"optional": true
				}
			}
		},
		"node_modules/as-table": {
			"version": "1.0.55",
			"dev": true,
			"license": "MIT",
			"dependencies": {
				"printable-characters": "^1.0.42"
			}
		},
		"node_modules/blake3-wasm": {
			"version": "2.1.5",
			"dev": true,
			"license": "MIT"
		},
		"node_modules/body-parser": {
			"version": "2.2.0",
			"license": "MIT",
			"dependencies": {
				"bytes": "^3.1.2",
				"content-type": "^1.0.5",
				"debug": "^4.4.0",
				"http-errors": "^2.0.0",
				"iconv-lite": "^0.6.3",
				"on-finished": "^2.4.1",
				"qs": "^6.14.0",
				"raw-body": "^3.0.0",
				"type-is": "^2.0.0"
			},
			"engines": {
				"node": ">=18"
			}
		},
		"node_modules/bytes": {
			"version": "3.1.2",
			"license": "MIT",
			"engines": {
				"node": ">= 0.8"
			}
		},
		"node_modules/call-bind-apply-helpers": {
			"version": "1.0.2",
			"license": "MIT",
			"dependencies": {
				"es-errors": "^1.3.0",
				"function-bind": "^1.1.2"
			},
			"engines": {
				"node": ">= 0.4"
			}
		},
		"node_modules/call-bound": {
			"version": "1.0.4",
			"license": "MIT",
			"dependencies": {
				"call-bind-apply-helpers": "^1.0.2",
				"get-intrinsic": "^1.3.0"
			},
			"engines": {
				"node": ">= 0.4"
			},
			"funding": {
				"url": "https://github.com/sponsors/ljharb"
			}
		},
		"node_modules/chalk": {
			"version": "5.4.1",
			"license": "MIT",
			"engines": {
				"node": "^12.17.0 || ^14.13 || >=16.0.0"
			},
			"funding": {
				"url": "https://github.com/chalk/chalk?sponsor=1"
			}
		},
		"node_modules/color": {
			"version": "4.2.3",
			"dev": true,
			"license": "MIT",
			"optional": true,
			"dependencies": {
				"color-convert": "^2.0.1",
				"color-string": "^1.9.0"
			},
			"engines": {
				"node": ">=12.5.0"
			}
		},
		"node_modules/color-convert": {
			"version": "2.0.1",
			"dev": true,
			"license": "MIT",
			"optional": true,
			"dependencies": {
				"color-name": "~1.1.4"
			},
			"engines": {
				"node": ">=7.0.0"
			}
		},
		"node_modules/color-name": {
			"version": "1.1.4",
			"dev": true,
			"license": "MIT",
			"optional": true
		},
		"node_modules/color-string": {
			"version": "1.9.1",
			"dev": true,
			"license": "MIT",
			"optional": true,
			"dependencies": {
				"color-name": "^1.0.0",
				"simple-swizzle": "^0.2.2"
			}
		},
		"node_modules/content-disposition": {
			"version": "1.0.0",
			"license": "MIT",
			"dependencies": {
				"safe-buffer": "5.2.1"
			},
			"engines": {
				"node": ">= 0.6"
			}
		},
		"node_modules/content-type": {
			"version": "1.0.5",
			"license": "MIT",
			"engines": {
				"node": ">= 0.6"
			}
		},
		"node_modules/cookie": {
			"version": "0.7.2",
			"license": "MIT",
			"engines": {
				"node": ">= 0.6"
			}
		},
		"node_modules/cookie-signature": {
			"version": "1.2.2",
			"license": "MIT",
			"engines": {
				"node": ">=6.6.0"
			}
		},
		"node_modules/cors": {
			"version": "2.8.5",
			"license": "MIT",
			"dependencies": {
				"object-assign": "^4",
				"vary": "^1"
			},
			"engines": {
				"node": ">= 0.10"
			}
		},
		"node_modules/cron-schedule": {
			"version": "5.0.4",
			"license": "MIT",
			"engines": {
				"node": ">=18"
			}
		},
		"node_modules/cross-spawn": {
			"version": "7.0.6",
			"license": "MIT",
			"dependencies": {
				"path-key": "^3.1.0",
				"shebang-command": "^2.0.0",
				"which": "^2.0.1"
			},
			"engines": {
				"node": ">= 8"
			}
		},
		"node_modules/data-uri-to-buffer": {
			"version": "2.0.2",
			"dev": true,
			"license": "MIT"
		},
		"node_modules/debug": {
			"version": "4.4.0",
			"license": "MIT",
			"dependencies": {
				"ms": "^2.1.3"
			},
			"engines": {
				"node": ">=6.0"
			},
			"peerDependenciesMeta": {
				"supports-color": {
					"optional": true
				}
			}
		},
		"node_modules/defu": {
			"version": "6.1.4",
			"dev": true,
			"license": "MIT"
		},
		"node_modules/depd": {
			"version": "2.0.0",
			"license": "MIT",
			"engines": {
				"node": ">= 0.8"
			}
		},
		"node_modules/dequal": {
			"version": "2.0.3",
			"license": "MIT",
			"engines": {
				"node": ">=6"
			}
		},
		"node_modules/detect-libc": {
			"version": "2.0.4",
			"dev": true,
			"license": "Apache-2.0",
			"optional": true,
			"engines": {
				"node": ">=8"
			}
		},
		"node_modules/diff-match-patch": {
			"version": "1.0.5",
			"license": "Apache-2.0"
		},
		"node_modules/dunder-proto": {
			"version": "1.0.1",
			"license": "MIT",
			"dependencies": {
				"call-bind-apply-helpers": "^1.0.1",
				"es-errors": "^1.3.0",
				"gopd": "^1.2.0"
			},
			"engines": {
				"node": ">= 0.4"
			}
		},
		"node_modules/ee-first": {
			"version": "1.1.1",
			"license": "MIT"
		},
		"node_modules/encodeurl": {
			"version": "2.0.0",
			"license": "MIT",
			"engines": {
				"node": ">= 0.8"
			}
		},
		"node_modules/es-define-property": {
			"version": "1.0.1",
			"license": "MIT",
			"engines": {
				"node": ">= 0.4"
			}
		},
		"node_modules/es-errors": {
			"version": "1.3.0",
			"license": "MIT",
			"engines": {
				"node": ">= 0.4"
			}
		},
		"node_modules/es-object-atoms": {
			"version": "1.1.1",
			"license": "MIT",
			"dependencies": {
				"es-errors": "^1.3.0"
			},
			"engines": {
				"node": ">= 0.4"
			}
		},
		"node_modules/esbuild": {
			"version": "0.25.4",
			"dev": true,
			"hasInstallScript": true,
			"license": "MIT",
			"bin": {
				"esbuild": "bin/esbuild"
			},
			"engines": {
				"node": ">=18"
			},
			"optionalDependencies": {
				"@esbuild/aix-ppc64": "0.25.4",
				"@esbuild/android-arm": "0.25.4",
				"@esbuild/android-arm64": "0.25.4",
				"@esbuild/android-x64": "0.25.4",
				"@esbuild/darwin-arm64": "0.25.4",
				"@esbuild/darwin-x64": "0.25.4",
				"@esbuild/freebsd-arm64": "0.25.4",
				"@esbuild/freebsd-x64": "0.25.4",
				"@esbuild/linux-arm": "0.25.4",
				"@esbuild/linux-arm64": "0.25.4",
				"@esbuild/linux-ia32": "0.25.4",
				"@esbuild/linux-loong64": "0.25.4",
				"@esbuild/linux-mips64el": "0.25.4",
				"@esbuild/linux-ppc64": "0.25.4",
				"@esbuild/linux-riscv64": "0.25.4",
				"@esbuild/linux-s390x": "0.25.4",
				"@esbuild/linux-x64": "0.25.4",
				"@esbuild/netbsd-arm64": "0.25.4",
				"@esbuild/netbsd-x64": "0.25.4",
				"@esbuild/openbsd-arm64": "0.25.4",
				"@esbuild/openbsd-x64": "0.25.4",
				"@esbuild/sunos-x64": "0.25.4",
				"@esbuild/win32-arm64": "0.25.4",
				"@esbuild/win32-ia32": "0.25.4",
				"@esbuild/win32-x64": "0.25.4"
			}
		},
		"node_modules/escape-html": {
			"version": "1.0.3",
			"license": "MIT"
		},
		"node_modules/etag": {
			"version": "1.8.1",
			"license": "MIT",
			"engines": {
				"node": ">= 0.6"
			}
		},
		"node_modules/event-target-polyfill": {
			"version": "0.0.4",
			"license": "MIT"
		},
		"node_modules/eventsource": {
			"version": "3.0.6",
			"license": "MIT",
			"dependencies": {
				"eventsource-parser": "^3.0.1"
			},
			"engines": {
				"node": ">=18.0.0"
			}
		},
		"node_modules/eventsource-parser": {
			"version": "3.0.1",
			"license": "MIT",
			"engines": {
				"node": ">=18.0.0"
			}
		},
		"node_modules/exit-hook": {
			"version": "2.2.1",
			"dev": true,
			"license": "MIT",
			"engines": {
				"node": ">=6"
			},
			"funding": {
				"url": "https://github.com/sponsors/sindresorhus"
			}
		},
		"node_modules/express": {
			"version": "5.1.0",
			"license": "MIT",
			"dependencies": {
				"accepts": "^2.0.0",
				"body-parser": "^2.2.0",
				"content-disposition": "^1.0.0",
				"content-type": "^1.0.5",
				"cookie": "^0.7.1",
				"cookie-signature": "^1.2.1",
				"debug": "^4.4.0",
				"encodeurl": "^2.0.0",
				"escape-html": "^1.0.3",
				"etag": "^1.8.1",
				"finalhandler": "^2.1.0",
				"fresh": "^2.0.0",
				"http-errors": "^2.0.0",
				"merge-descriptors": "^2.0.0",
				"mime-types": "^3.0.0",
				"on-finished": "^2.4.1",
				"once": "^1.4.0",
				"parseurl": "^1.3.3",
				"proxy-addr": "^2.0.7",
				"qs": "^6.14.0",
				"range-parser": "^1.2.1",
				"router": "^2.2.0",
				"send": "^1.1.0",
				"serve-static": "^2.2.0",
				"statuses": "^2.0.1",
				"type-is": "^2.0.1",
				"vary": "^1.1.2"
			},
			"engines": {
				"node": ">= 18"
			},
			"funding": {
				"type": "opencollective",
				"url": "https://opencollective.com/express"
			}
		},
		"node_modules/express-rate-limit": {
			"version": "7.5.0",
			"license": "MIT",
			"engines": {
				"node": ">= 16"
			},
			"funding": {
				"url": "https://github.com/sponsors/express-rate-limit"
			},
			"peerDependencies": {
				"express": "^4.11 || 5 || ^5.0.0-beta.1"
			}
		},
		"node_modules/exsolve": {
			"version": "1.0.5",
			"dev": true,
			"license": "MIT"
		},
		"node_modules/finalhandler": {
			"version": "2.1.0",
			"license": "MIT",
			"dependencies": {
				"debug": "^4.4.0",
				"encodeurl": "^2.0.0",
				"escape-html": "^1.0.3",
				"on-finished": "^2.4.1",
				"parseurl": "^1.3.3",
				"statuses": "^2.0.1"
			},
			"engines": {
				"node": ">= 0.8"
			}
		},
		"node_modules/forwarded": {
			"version": "0.2.0",
			"license": "MIT",
			"engines": {
				"node": ">= 0.6"
			}
		},
		"node_modules/fresh": {
			"version": "2.0.0",
			"license": "MIT",
			"engines": {
				"node": ">= 0.8"
			}
		},
		"node_modules/fsevents": {
			"version": "2.3.3",
			"dev": true,
			"license": "MIT",
			"optional": true,
			"os": [
				"darwin"
			],
			"engines": {
				"node": "^8.16.0 || ^10.6.0 || >=11.0.0"
			}
		},
		"node_modules/function-bind": {
			"version": "1.1.2",
			"license": "MIT",
			"funding": {
				"url": "https://github.com/sponsors/ljharb"
			}
		},
		"node_modules/get-intrinsic": {
			"version": "1.3.0",
			"license": "MIT",
			"dependencies": {
				"call-bind-apply-helpers": "^1.0.2",
				"es-define-property": "^1.0.1",
				"es-errors": "^1.3.0",
				"es-object-atoms": "^1.1.1",
				"function-bind": "^1.1.2",
				"get-proto": "^1.0.1",
				"gopd": "^1.2.0",
				"has-symbols": "^1.1.0",
				"hasown": "^2.0.2",
				"math-intrinsics": "^1.1.0"
			},
			"engines": {
				"node": ">= 0.4"
			},
			"funding": {
				"url": "https://github.com/sponsors/ljharb"
			}
		},
		"node_modules/get-proto": {
			"version": "1.0.1",
			"license": "MIT",
			"dependencies": {
				"dunder-proto": "^1.0.1",
				"es-object-atoms": "^1.0.0"
			},
			"engines": {
				"node": ">= 0.4"
			}
		},
		"node_modules/get-source": {
			"version": "2.0.12",
			"dev": true,
			"license": "Unlicense",
			"dependencies": {
				"data-uri-to-buffer": "^2.0.0",
				"source-map": "^0.6.1"
			}
		},
		"node_modules/glob-to-regexp": {
			"version": "0.4.1",
			"dev": true,
			"license": "BSD-2-Clause"
		},
		"node_modules/gopd": {
			"version": "1.2.0",
			"license": "MIT",
			"engines": {
				"node": ">= 0.4"
			},
			"funding": {
				"url": "https://github.com/sponsors/ljharb"
			}
		},
		"node_modules/has-symbols": {
			"version": "1.1.0",
			"license": "MIT",
			"engines": {
				"node": ">= 0.4"
			},
			"funding": {
				"url": "https://github.com/sponsors/ljharb"
			}
		},
		"node_modules/hasown": {
			"version": "2.0.2",
			"license": "MIT",
			"dependencies": {
				"function-bind": "^1.1.2"
			},
			"engines": {
				"node": ">= 0.4"
			}
		},
		"node_modules/http-errors": {
			"version": "2.0.0",
			"license": "MIT",
			"dependencies": {
				"depd": "2.0.0",
				"inherits": "2.0.4",
				"setprototypeof": "1.2.0",
				"statuses": "2.0.1",
				"toidentifier": "1.0.1"
			},
			"engines": {
				"node": ">= 0.8"
			}
		},
		"node_modules/iconv-lite": {
			"version": "0.6.3",
			"license": "MIT",
			"dependencies": {
				"safer-buffer": ">= 2.1.2 < 3.0.0"
			},
			"engines": {
				"node": ">=0.10.0"
			}
		},
		"node_modules/inherits": {
			"version": "2.0.4",
			"license": "ISC"
		},
		"node_modules/ipaddr.js": {
			"version": "1.9.1",
			"license": "MIT",
			"engines": {
				"node": ">= 0.10"
			}
		},
		"node_modules/is-arrayish": {
			"version": "0.3.2",
			"dev": true,
			"license": "MIT",
			"optional": true
		},
		"node_modules/is-promise": {
			"version": "4.0.0",
			"license": "MIT"
		},
		"node_modules/isexe": {
			"version": "2.0.0",
			"license": "ISC"
		},
		"node_modules/json-schema": {
			"version": "0.4.0",
			"license": "(AFL-2.1 OR BSD-3-Clause)"
		},
		"node_modules/jsondiffpatch": {
			"version": "0.6.0",
			"license": "MIT",
			"dependencies": {
				"@types/diff-match-patch": "^1.0.36",
				"chalk": "^5.3.0",
				"diff-match-patch": "^1.0.5"
			},
			"bin": {
				"jsondiffpatch": "bin/jsondiffpatch.js"
			},
			"engines": {
				"node": "^18.0.0 || >=20.0.0"
			}
		},
		"node_modules/math-intrinsics": {
			"version": "1.1.0",
			"license": "MIT",
			"engines": {
				"node": ">= 0.4"
			}
		},
		"node_modules/media-typer": {
			"version": "1.1.0",
			"license": "MIT",
			"engines": {
				"node": ">= 0.8"
			}
		},
		"node_modules/merge-descriptors": {
			"version": "2.0.0",
			"license": "MIT",
			"engines": {
				"node": ">=18"
			},
			"funding": {
				"url": "https://github.com/sponsors/sindresorhus"
			}
		},
		"node_modules/mime": {
			"version": "3.0.0",
			"dev": true,
			"license": "MIT",
			"bin": {
				"mime": "cli.js"
			},
			"engines": {
				"node": ">=10.0.0"
			}
		},
		"node_modules/mime-db": {
			"version": "1.54.0",
			"license": "MIT",
			"engines": {
				"node": ">= 0.6"
			}
		},
		"node_modules/mime-types": {
			"version": "3.0.1",
			"license": "MIT",
			"dependencies": {
				"mime-db": "^1.54.0"
			},
			"engines": {
				"node": ">= 0.6"
			}
		},
		"node_modules/miniflare": {
			"version": "4.20250507.0",
			"dev": true,
			"license": "MIT",
			"dependencies": {
				"@cspotcode/source-map-support": "0.8.1",
				"acorn": "8.14.0",
				"acorn-walk": "8.3.2",
				"exit-hook": "2.2.1",
				"glob-to-regexp": "0.4.1",
				"stoppable": "1.1.0",
				"undici": "^5.28.5",
				"workerd": "1.20250507.0",
				"ws": "8.18.0",
				"youch": "3.3.4",
				"zod": "3.22.3"
			},
			"bin": {
				"miniflare": "bootstrap.js"
			},
			"engines": {
				"node": ">=18.0.0"
			}
		},
		"node_modules/miniflare/node_modules/zod": {
			"version": "3.22.3",
			"dev": true,
			"license": "MIT",
			"funding": {
				"url": "https://github.com/sponsors/colinhacks"
			}
		},
		"node_modules/ms": {
			"version": "2.1.3",
			"license": "MIT"
		},
		"node_modules/mustache": {
			"version": "4.2.0",
			"dev": true,
			"license": "MIT",
			"bin": {
				"mustache": "bin/mustache"
			}
		},
		"node_modules/nanoid": {
			"version": "5.1.5",
			"funding": [
				{
					"type": "github",
					"url": "https://github.com/sponsors/ai"
				}
			],
			"license": "MIT",
			"bin": {
				"nanoid": "bin/nanoid.js"
			},
			"engines": {
				"node": "^18 || >=20"
			}
		},
		"node_modules/negotiator": {
			"version": "1.0.0",
			"license": "MIT",
			"engines": {
				"node": ">= 0.6"
			}
		},
		"node_modules/object-assign": {
			"version": "4.1.1",
			"license": "MIT",
			"engines": {
				"node": ">=0.10.0"
			}
		},
		"node_modules/object-inspect": {
			"version": "1.13.4",
			"license": "MIT",
			"engines": {
				"node": ">= 0.4"
			},
			"funding": {
				"url": "https://github.com/sponsors/ljharb"
			}
		},
		"node_modules/ohash": {
			"version": "2.0.11",
			"dev": true,
			"license": "MIT"
		},
		"node_modules/on-finished": {
			"version": "2.4.1",
			"license": "MIT",
			"dependencies": {
				"ee-first": "1.1.1"
			},
			"engines": {
				"node": ">= 0.8"
			}
		},
		"node_modules/once": {
			"version": "1.4.0",
			"license": "ISC",
			"dependencies": {
				"wrappy": "1"
			}
		},
		"node_modules/parseurl": {
			"version": "1.3.3",
			"license": "MIT",
			"engines": {
				"node": ">= 0.8"
			}
		},
		"node_modules/partyserver": {
			"version": "0.0.70",
			"license": "ISC",
			"dependencies": {
				"nanoid": "^5.1.5"
			},
			"peerDependencies": {
				"@cloudflare/workers-types": "^4.20240729.0"
			}
		},
		"node_modules/partysocket": {
			"version": "1.1.3",
			"license": "ISC",
			"dependencies": {
				"event-target-polyfill": "^0.0.4"
			}
		},
		"node_modules/path-key": {
			"version": "3.1.1",
			"license": "MIT",
			"engines": {
				"node": ">=8"
			}
		},
		"node_modules/path-to-regexp": {
			"version": "8.2.0",
			"license": "MIT",
			"engines": {
				"node": ">=16"
			}
		},
		"node_modules/pathe": {
			"version": "2.0.3",
			"dev": true,
			"license": "MIT"
		},
		"node_modules/pkce-challenge": {
			"version": "5.0.0",
			"license": "MIT",
			"engines": {
				"node": ">=16.20.0"
			}
		},
		"node_modules/printable-characters": {
			"version": "1.0.42",
			"dev": true,
			"license": "Unlicense"
		},
		"node_modules/proxy-addr": {
			"version": "2.0.7",
			"license": "MIT",
			"dependencies": {
				"forwarded": "0.2.0",
				"ipaddr.js": "1.9.1"
			},
			"engines": {
				"node": ">= 0.10"
			}
		},
		"node_modules/qs": {
			"version": "6.14.0",
			"license": "BSD-3-Clause",
			"dependencies": {
				"side-channel": "^1.1.0"
			},
			"engines": {
				"node": ">=0.6"
			},
			"funding": {
				"url": "https://github.com/sponsors/ljharb"
			}
		},
		"node_modules/range-parser": {
			"version": "1.2.1",
			"license": "MIT",
			"engines": {
				"node": ">= 0.6"
			}
		},
		"node_modules/raw-body": {
			"version": "3.0.0",
			"license": "MIT",
			"dependencies": {
				"bytes": "3.1.2",
				"http-errors": "2.0.0",
				"iconv-lite": "0.6.3",
				"unpipe": "1.0.0"
			},
			"engines": {
				"node": ">= 0.8"
			}
		},
		"node_modules/react": {
			"version": "19.1.0",
			"resolved": "https://registry.npmjs.org/react/-/react-19.1.0.tgz",
			"integrity": "sha512-FS+XFBNvn3GTAWq26joslQgWNoFu08F4kl0J4CgdNKADkdSGXQyTCnKteIAJy96Br6YbpEU1LSzV5dYtjMkMDg==",
			"license": "MIT",
			"peer": true,
			"engines": {
				"node": ">=0.10.0"
			}
		},
		"node_modules/router": {
			"version": "2.2.0",
			"license": "MIT",
			"dependencies": {
				"debug": "^4.4.0",
				"depd": "^2.0.0",
				"is-promise": "^4.0.0",
				"parseurl": "^1.3.3",
				"path-to-regexp": "^8.0.0"
			},
			"engines": {
				"node": ">= 18"
			}
		},
		"node_modules/safe-buffer": {
			"version": "5.2.1",
			"funding": [
				{
					"type": "github",
					"url": "https://github.com/sponsors/feross"
				},
				{
					"type": "patreon",
					"url": "https://www.patreon.com/feross"
				},
				{
					"type": "consulting",
					"url": "https://feross.org/support"
				}
			],
			"license": "MIT"
		},
		"node_modules/safer-buffer": {
			"version": "2.1.2",
			"license": "MIT"
		},
		"node_modules/secure-json-parse": {
			"version": "2.7.0",
			"license": "BSD-3-Clause"
		},
		"node_modules/semver": {
			"version": "7.7.1",
			"dev": true,
			"license": "ISC",
			"optional": true,
			"bin": {
				"semver": "bin/semver.js"
			},
			"engines": {
				"node": ">=10"
			}
		},
		"node_modules/send": {
			"version": "1.2.0",
			"license": "MIT",
			"dependencies": {
				"debug": "^4.3.5",
				"encodeurl": "^2.0.0",
				"escape-html": "^1.0.3",
				"etag": "^1.8.1",
				"fresh": "^2.0.0",
				"http-errors": "^2.0.0",
				"mime-types": "^3.0.1",
				"ms": "^2.1.3",
				"on-finished": "^2.4.1",
				"range-parser": "^1.2.1",
				"statuses": "^2.0.1"
			},
			"engines": {
				"node": ">= 18"
			}
		},
		"node_modules/serve-static": {
			"version": "2.2.0",
			"license": "MIT",
			"dependencies": {
				"encodeurl": "^2.0.0",
				"escape-html": "^1.0.3",
				"parseurl": "^1.3.3",
				"send": "^1.2.0"
			},
			"engines": {
				"node": ">= 18"
			}
		},
		"node_modules/setprototypeof": {
			"version": "1.2.0",
			"license": "ISC"
		},
		"node_modules/sharp": {
			"version": "0.33.5",
			"dev": true,
			"hasInstallScript": true,
			"license": "Apache-2.0",
			"optional": true,
			"dependencies": {
				"color": "^4.2.3",
				"detect-libc": "^2.0.3",
				"semver": "^7.6.3"
			},
			"engines": {
				"node": "^18.17.0 || ^20.3.0 || >=21.0.0"
			},
			"funding": {
				"url": "https://opencollective.com/libvips"
			},
			"optionalDependencies": {
				"@img/sharp-darwin-arm64": "0.33.5",
				"@img/sharp-darwin-x64": "0.33.5",
				"@img/sharp-libvips-darwin-arm64": "1.0.4",
				"@img/sharp-libvips-darwin-x64": "1.0.4",
				"@img/sharp-libvips-linux-arm": "1.0.5",
				"@img/sharp-libvips-linux-arm64": "1.0.4",
				"@img/sharp-libvips-linux-s390x": "1.0.4",
				"@img/sharp-libvips-linux-x64": "1.0.4",
				"@img/sharp-libvips-linuxmusl-arm64": "1.0.4",
				"@img/sharp-libvips-linuxmusl-x64": "1.0.4",
				"@img/sharp-linux-arm": "0.33.5",
				"@img/sharp-linux-arm64": "0.33.5",
				"@img/sharp-linux-s390x": "0.33.5",
				"@img/sharp-linux-x64": "0.33.5",
				"@img/sharp-linuxmusl-arm64": "0.33.5",
				"@img/sharp-linuxmusl-x64": "0.33.5",
				"@img/sharp-wasm32": "0.33.5",
				"@img/sharp-win32-ia32": "0.33.5",
				"@img/sharp-win32-x64": "0.33.5"
			}
		},
		"node_modules/shebang-command": {
			"version": "2.0.0",
			"license": "MIT",
			"dependencies": {
				"shebang-regex": "^3.0.0"
			},
			"engines": {
				"node": ">=8"
			}
		},
		"node_modules/shebang-regex": {
			"version": "3.0.0",
			"license": "MIT",
			"engines": {
				"node": ">=8"
			}
		},
		"node_modules/side-channel": {
			"version": "1.1.0",
			"license": "MIT",
			"dependencies": {
				"es-errors": "^1.3.0",
				"object-inspect": "^1.13.3",
				"side-channel-list": "^1.0.0",
				"side-channel-map": "^1.0.1",
				"side-channel-weakmap": "^1.0.2"
			},
			"engines": {
				"node": ">= 0.4"
			},
			"funding": {
				"url": "https://github.com/sponsors/ljharb"
			}
		},
		"node_modules/side-channel-list": {
			"version": "1.0.0",
			"license": "MIT",
			"dependencies": {
				"es-errors": "^1.3.0",
				"object-inspect": "^1.13.3"
			},
			"engines": {
				"node": ">= 0.4"
			},
			"funding": {
				"url": "https://github.com/sponsors/ljharb"
			}
		},
		"node_modules/side-channel-map": {
			"version": "1.0.1",
			"license": "MIT",
			"dependencies": {
				"call-bound": "^1.0.2",
				"es-errors": "^1.3.0",
				"get-intrinsic": "^1.2.5",
				"object-inspect": "^1.13.3"
			},
			"engines": {
				"node": ">= 0.4"
			},
			"funding": {
				"url": "https://github.com/sponsors/ljharb"
			}
		},
		"node_modules/side-channel-weakmap": {
			"version": "1.0.2",
			"license": "MIT",
			"dependencies": {
				"call-bound": "^1.0.2",
				"es-errors": "^1.3.0",
				"get-intrinsic": "^1.2.5",
				"object-inspect": "^1.13.3",
				"side-channel-map": "^1.0.1"
			},
			"engines": {
				"node": ">= 0.4"
			},
			"funding": {
				"url": "https://github.com/sponsors/ljharb"
			}
		},
		"node_modules/simple-swizzle": {
			"version": "0.2.2",
			"dev": true,
			"license": "MIT",
			"optional": true,
			"dependencies": {
				"is-arrayish": "^0.3.1"
			}
		},
		"node_modules/source-map": {
			"version": "0.6.1",
			"dev": true,
			"license": "BSD-3-Clause",
			"engines": {
				"node": ">=0.10.0"
			}
		},
		"node_modules/stacktracey": {
			"version": "2.1.8",
			"dev": true,
			"license": "Unlicense",
			"dependencies": {
				"as-table": "^1.0.36",
				"get-source": "^2.0.12"
			}
		},
		"node_modules/statuses": {
			"version": "2.0.1",
			"license": "MIT",
			"engines": {
				"node": ">= 0.8"
			}
		},
		"node_modules/stoppable": {
			"version": "1.1.0",
			"dev": true,
			"license": "MIT",
			"engines": {
				"node": ">=4",
				"npm": ">=6"
			}
		},
		"node_modules/swr": {
			"version": "2.3.3",
			"license": "MIT",
			"dependencies": {
				"dequal": "^2.0.3",
				"use-sync-external-store": "^1.4.0"
			},
			"peerDependencies": {
				"react": "^16.11.0 || ^17.0.0 || ^18.0.0 || ^19.0.0"
			}
		},
		"node_modules/throttleit": {
			"version": "2.1.0",
			"license": "MIT",
			"engines": {
				"node": ">=18"
			},
			"funding": {
				"url": "https://github.com/sponsors/sindresorhus"
			}
		},
		"node_modules/toidentifier": {
			"version": "1.0.1",
			"license": "MIT",
			"engines": {
				"node": ">=0.6"
			}
		},
		"node_modules/type-is": {
			"version": "2.0.1",
			"license": "MIT",
			"dependencies": {
				"content-type": "^1.0.5",
				"media-typer": "^1.1.0",
				"mime-types": "^3.0.0"
			},
			"engines": {
				"node": ">= 0.6"
			}
		},
		"node_modules/typescript": {
			"version": "5.8.3",
			"dev": true,
			"license": "Apache-2.0",
			"bin": {
				"tsc": "bin/tsc",
				"tsserver": "bin/tsserver"
			},
			"engines": {
				"node": ">=14.17"
			}
		},
		"node_modules/ufo": {
			"version": "1.6.1",
			"dev": true,
			"license": "MIT"
		},
		"node_modules/undici": {
			"version": "5.29.0",
			"dev": true,
			"license": "MIT",
			"dependencies": {
				"@fastify/busboy": "^2.0.0"
			},
			"engines": {
				"node": ">=14.0"
			}
		},
		"node_modules/undici-types": {
			"version": "6.21.0",
			"dev": true,
			"license": "MIT"
		},
		"node_modules/unenv": {
			"version": "2.0.0-rc.15",
			"dev": true,
			"license": "MIT",
			"dependencies": {
				"defu": "^6.1.4",
				"exsolve": "^1.0.4",
				"ohash": "^2.0.11",
				"pathe": "^2.0.3",
				"ufo": "^1.5.4"
			}
		},
		"node_modules/unpipe": {
			"version": "1.0.0",
			"license": "MIT",
			"engines": {
				"node": ">= 0.8"
			}
		},
		"node_modules/use-sync-external-store": {
			"version": "1.5.0",
			"license": "MIT",
			"peerDependencies": {
				"react": "^16.8.0 || ^17.0.0 || ^18.0.0 || ^19.0.0"
			}
		},
		"node_modules/vary": {
			"version": "1.1.2",
			"license": "MIT",
			"engines": {
				"node": ">= 0.8"
			}
		},
		"node_modules/which": {
			"version": "2.0.2",
			"license": "ISC",
			"dependencies": {
				"isexe": "^2.0.0"
			},
			"bin": {
				"node-which": "bin/node-which"
			},
			"engines": {
				"node": ">= 8"
			}
		},
		"node_modules/workerd": {
			"version": "1.20250507.0",
			"dev": true,
			"hasInstallScript": true,
			"license": "Apache-2.0",
			"bin": {
				"workerd": "bin/workerd"
			},
			"engines": {
				"node": ">=16"
			},
			"optionalDependencies": {
				"@cloudflare/workerd-darwin-64": "1.20250507.0",
				"@cloudflare/workerd-darwin-arm64": "1.20250507.0",
				"@cloudflare/workerd-linux-64": "1.20250507.0",
				"@cloudflare/workerd-linux-arm64": "1.20250507.0",
				"@cloudflare/workerd-windows-64": "1.20250507.0"
			}
		},
		"node_modules/wrangler": {
			"version": "4.14.4",
			"dev": true,
			"license": "MIT OR Apache-2.0",
			"dependencies": {
				"@cloudflare/kv-asset-handler": "0.4.0",
				"@cloudflare/unenv-preset": "2.3.1",
				"blake3-wasm": "2.1.5",
				"esbuild": "0.25.4",
				"miniflare": "4.20250507.0",
				"path-to-regexp": "6.3.0",
				"unenv": "2.0.0-rc.15",
				"workerd": "1.20250507.0"
			},
			"bin": {
				"wrangler": "bin/wrangler.js",
				"wrangler2": "bin/wrangler.js"
			},
			"engines": {
				"node": ">=18.0.0"
			},
			"optionalDependencies": {
				"fsevents": "~2.3.2",
				"sharp": "^0.33.5"
			},
			"peerDependencies": {
				"@cloudflare/workers-types": "^4.20250507.0"
			},
			"peerDependenciesMeta": {
				"@cloudflare/workers-types": {
					"optional": true
				}
			}
		},
		"node_modules/wrangler/node_modules/path-to-regexp": {
			"version": "6.3.0",
			"dev": true,
			"license": "MIT"
		},
		"node_modules/wrappy": {
			"version": "1.0.2",
			"license": "ISC"
		},
		"node_modules/ws": {
			"version": "8.18.0",
			"dev": true,
			"license": "MIT",
			"engines": {
				"node": ">=10.0.0"
			},
			"peerDependencies": {
				"bufferutil": "^4.0.1",
				"utf-8-validate": ">=5.0.2"
			},
			"peerDependenciesMeta": {
				"bufferutil": {
					"optional": true
				},
				"utf-8-validate": {
					"optional": true
				}
			}
		},
		"node_modules/youch": {
			"version": "3.3.4",
			"dev": true,
			"license": "MIT",
			"dependencies": {
				"cookie": "^0.7.1",
				"mustache": "^4.2.0",
				"stacktracey": "^2.1.8"
			}
		},
		"node_modules/zod": {
			"version": "3.24.4",
			"license": "MIT",
			"funding": {
				"url": "https://github.com/sponsors/colinhacks"
			}
		},
		"node_modules/zod-to-json-schema": {
			"version": "3.24.5",
			"license": "ISC",
			"peerDependencies": {
				"zod": "^3.24.1"
			}
		}
	}
}
